
Microsoft Visual Studio Solution File, Format Version 12.00
# Visual Studio Version 16
VisualStudioVersion = 16.0.30804.86
MinimumVisualStudioVersion = 10.0.40219.1
Project("{9A19103F-16F7-4668-BE54-9A1E7A4F7556}") = "FinancialCalculus", "FinancialCalculus\FinancialCalculus.csproj", "{BA9F0856-4319-48DF-98A4-538B7E3D2EC8}"
EndProject
Project("{9A19103F-16F7-4668-BE54-9A1E7A4F7556}") = "LunaFinancialTest", "LunaFinancialTest\LunaFinancialTest.csproj", "{E36525C3-B7BC-4381-9440-9C02B23D1DC9}"
EndProject
Project("{2150E333-8FDC-42A3-9474-1A3956D46DE8}") = "Solution Items", "Solution Items", "{2A88D0D1-1CE6-43BB-B105-87197BCA82E5}"
	ProjectSection(SolutionItems) = preProject
		.editorconfig = .editorconfig
	EndProjectSection
EndProject
Global
	GlobalSection(SolutionConfigurationPlatforms) = preSolution
		Debug|Any CPU = Debug|Any CPU
		Release|Any CPU = Release|Any CPU
	EndGlobalSection
	GlobalSection(ProjectConfigurationPlatforms) = postSolution
		{BA9F0856-4319-48DF-98A4-538B7E3D2EC8}.Debug|Any CPU.ActiveCfg = Debug|Any CPU
		{BA9F0856-4319-48DF-98A4-538B7E3D2EC8}.Debug|Any CPU.Build.0 = Debug|Any CPU
		{BA9F0856-4319-48DF-98A4-538B7E3D2EC8}.Release|Any CPU.ActiveCfg = Release|Any CPU
		{BA9F0856-4319-48DF-98A4-538B7E3D2EC8}.Release|Any CPU.Build.0 = Release|Any CPU
		{E36525C3-B7BC-4381-9440-9C02B23D1DC9}.Debug|Any CPU.ActiveCfg = Debug|Any CPU
		{E36525C3-B7BC-4381-9440-9C02B23D1DC9}.Debug|Any CPU.Build.0 = Debug|Any CPU
		{E36525C3-B7BC-4381-9440-9C02B23D1DC9}.Release|Any CPU.ActiveCfg = Release|Any CPU
		{E36525C3-B7BC-4381-9440-9C02B23D1DC9}.Release|Any CPU.Build.0 = Release|Any CPU
	EndGlobalSection
	GlobalSection(SolutionProperties) = preSolution
		HideSolutionNode = FALSE
	EndGlobalSection
	GlobalSection(ExtensibilityGlobals) = postSolution
		SolutionGuid = {590E75DE-8BF2-4773-A0E8-73E2AF499454}
	EndGlobalSection
EndGlobal
